
Microsoft Visual Studio Solution File, Format Version 12.00
# Visual Studio 15
VisualStudioVersion = 15.0.27130.2027
MinimumVisualStudioVersion = 10.0.40219.1
Project("{FAE04EC0-301F-11D3-BF4B-00C04F79EFBC}") = "Hell", "Hell\Hell.csproj", "{3C9A169B-08A0-4734-9601-EEDD84F7AA37}"
EndProject
Project("{FAE04EC0-301F-11D3-BF4B-00C04F79EFBC}") = "HeroInventory.Tests", "HeroInventory.Tests\HeroInventory.Tests.csproj", "{B9790FE0-D602-4E41-A655-3093E54A219B}"
EndProject
Global
	GlobalSection(SolutionConfigurationPlatforms) = preSolution
		Debug|Any CPU = Debug|Any CPU
		Release|Any CPU = Release|Any CPU
	EndGlobalSection
	GlobalSection(ProjectConfigurationPlatforms) = postSolution
		{3C9A169B-08A0-4734-9601-EEDD84F7AA37}.Debug|Any CPU.ActiveCfg = Debug|Any CPU
		{3C9A169B-08A0-4734-9601-EEDD84F7AA37}.Debug|Any CPU.Build.0 = Debug|Any CPU
		{3C9A169B-08A0-4734-9601-EEDD84F7AA37}.Release|Any CPU.ActiveCfg = Release|Any CPU
		{3C9A169B-08A0-4734-9601-EEDD84F7AA37}.Release|Any CPU.Build.0 = Release|Any CPU
		{B9790FE0-D602-4E41-A655-3093E54A219B}.Debug|Any CPU.ActiveCfg = Debug|Any CPU
		{B9790FE0-D602-4E41-A655-3093E54A219B}.Debug|Any CPU.Build.0 = Debug|Any CPU
		{B9790FE0-D602-4E41-A655-3093E54A219B}.Release|Any CPU.ActiveCfg = Release|Any CPU
		{B9790FE0-D602-4E41-A655-3093E54A219B}.Release|Any CPU.Build.0 = Release|Any CPU
	EndGlobalSection
	GlobalSection(SolutionProperties) = preSolution
		HideSolutionNode = FALSE
	EndGlobalSection
	GlobalSection(ExtensibilityGlobals) = postSolution
		SolutionGuid = {0E11E7B3-5CF1-48AC-B105-629E6F2D0556}
	EndGlobalSection
EndGlobal
