
Microsoft Visual Studio Solution File, Format Version 12.00
# Visual Studio 15
VisualStudioVersion = 15.0.27130.2027
MinimumVisualStudioVersion = 10.0.40219.1
Project("{FAE04EC0-301F-11D3-BF4B-00C04F79EFBC}") = "Minedraft", "Minedraft.csproj", "{2B8E833A-8D75-44C5-A88A-9B4B9FE1C036}"
EndProject
Project("{FAE04EC0-301F-11D3-BF4B-00C04F79EFBC}") = "UnitTests", "..\UnitTests\UnitTests.csproj", "{9CEF66D0-DCFB-4FA2-83DB-633B8461D020}"
EndProject
Project("{FAE04EC0-301F-11D3-BF4B-00C04F79EFBC}") = "TestsJudge", "TestsJudge\TestsJudge.csproj", "{D5759983-86AC-4747-B68D-3E04F7747AA2}"
EndProject
Global
	GlobalSection(SolutionConfigurationPlatforms) = preSolution
		Debug|Any CPU = Debug|Any CPU
		Release|Any CPU = Release|Any CPU
	EndGlobalSection
	GlobalSection(ProjectConfigurationPlatforms) = postSolution
		{2B8E833A-8D75-44C5-A88A-9B4B9FE1C036}.Debug|Any CPU.ActiveCfg = Debug|Any CPU
		{2B8E833A-8D75-44C5-A88A-9B4B9FE1C036}.Debug|Any CPU.Build.0 = Debug|Any CPU
		{2B8E833A-8D75-44C5-A88A-9B4B9FE1C036}.Release|Any CPU.ActiveCfg = Release|Any CPU
		{2B8E833A-8D75-44C5-A88A-9B4B9FE1C036}.Release|Any CPU.Build.0 = Release|Any CPU
		{9CEF66D0-DCFB-4FA2-83DB-633B8461D020}.Debug|Any CPU.ActiveCfg = Debug|Any CPU
		{9CEF66D0-DCFB-4FA2-83DB-633B8461D020}.Debug|Any CPU.Build.0 = Debug|Any CPU
		{9CEF66D0-DCFB-4FA2-83DB-633B8461D020}.Release|Any CPU.ActiveCfg = Release|Any CPU
		{9CEF66D0-DCFB-4FA2-83DB-633B8461D020}.Release|Any CPU.Build.0 = Release|Any CPU
		{D5759983-86AC-4747-B68D-3E04F7747AA2}.Debug|Any CPU.ActiveCfg = Debug|Any CPU
		{D5759983-86AC-4747-B68D-3E04F7747AA2}.Debug|Any CPU.Build.0 = Debug|Any CPU
		{D5759983-86AC-4747-B68D-3E04F7747AA2}.Release|Any CPU.ActiveCfg = Release|Any CPU
		{D5759983-86AC-4747-B68D-3E04F7747AA2}.Release|Any CPU.Build.0 = Release|Any CPU
	EndGlobalSection
	GlobalSection(SolutionProperties) = preSolution
		HideSolutionNode = FALSE
	EndGlobalSection
	GlobalSection(ExtensibilityGlobals) = postSolution
		SolutionGuid = {069566D4-5CAC-435E-9A53-95F18943749F}
	EndGlobalSection
EndGlobal
